
Microsoft Visual Studio Solution File, Format Version 12.00
# Visual Studio Version 17
VisualStudioVersion = 17.12.35707.178
MinimumVisualStudioVersion = 10.0.40219.1
Project("{FAE04EC0-301F-11D3-BF4B-00C04F79EFBC}") = "WpfSimpleViewManager", "Anotehr.Wpf.Container\WpfSimpleViewManager.csproj", "{96D589D5-C34D-4D3A-97EE-2DC54B1E769E}"
EndProject
Project("{FAE04EC0-301F-11D3-BF4B-00C04F79EFBC}") = "WpfSimpleViewManager.Test", "Another.Wpf.Container.Test\WpfSimpleViewManager.Test.csproj", "{EB480C04-7645-4788-A7B4-30A95252BD1F}"
EndProject
Global
	GlobalSection(SolutionConfigurationPlatforms) = preSolution
		Debug|Any CPU = Debug|Any CPU
		Release|Any CPU = Release|Any CPU
	EndGlobalSection
	GlobalSection(ProjectConfigurationPlatforms) = postSolution
		{96D589D5-C34D-4D3A-97EE-2DC54B1E769E}.Debug|Any CPU.ActiveCfg = Debug|Any CPU
		{96D589D5-C34D-4D3A-97EE-2DC54B1E769E}.Debug|Any CPU.Build.0 = Debug|Any CPU
		{96D589D5-C34D-4D3A-97EE-2DC54B1E769E}.Release|Any CPU.ActiveCfg = Release|Any CPU
		{96D589D5-C34D-4D3A-97EE-2DC54B1E769E}.Release|Any CPU.Build.0 = Release|Any CPU
		{EB480C04-7645-4788-A7B4-30A95252BD1F}.Debug|Any CPU.ActiveCfg = Debug|Any CPU
		{EB480C04-7645-4788-A7B4-30A95252BD1F}.Debug|Any CPU.Build.0 = Debug|Any CPU
		{EB480C04-7645-4788-A7B4-30A95252BD1F}.Release|Any CPU.ActiveCfg = Release|Any CPU
		{EB480C04-7645-4788-A7B4-30A95252BD1F}.Release|Any CPU.Build.0 = Release|Any CPU
	EndGlobalSection
	GlobalSection(SolutionProperties) = preSolution
		HideSolutionNode = FALSE
	EndGlobalSection
	GlobalSection(ExtensibilityGlobals) = postSolution
		SolutionGuid = {960B2C8C-54D2-4379-857B-80F7D9896A95}
	EndGlobalSection
EndGlobal
